# This file is autogenerated, do not edit; changes may be undone by the next 'dep ensure'.


[[projects]]
  branch = "master"
  digest = "1:22ba374e14e1252d4286f8d6de2aa9f8b08fe975ab7ebaa5ed5bf15222a79589"
  name = "github.com/adeaver/babblegraph"
  packages = [
    "lib/model/documents",
    "lib/model/index",
    "lib/util/database",
    "lib/util/env",
    "lib/util/postgres",
    "lib/util/queue",
    "lib/wordsmith",
  ]
  pruneopts = "UT"
  revision = "a109aa0f4c8cc5705a1901dca3e55b86035e6a67"

[[projects]]
  digest = "1:ffe5ba52b122a56df4f9854ea2918e0d9f86e74919db63dc138f8fee3253d3d6"
  name = "github.com/google/uuid"
  packages = ["."]
  pruneopts = "UT"
  revision = "0e4e31197428a347842d152773b4cace4645ca25"
  version = "v1.1.2"

[[projects]]
  digest = "1:6c41d4f998a03b6604227ccad36edaed6126c397e5d78709ef4814a1145a6757"
  name = "github.com/jmoiron/sqlx"
  packages = [
    ".",
    "reflectx",
  ]
  pruneopts = "UT"
  revision = "d161d7a76b5661016ad0b085869f77fd410f3e6a"
  version = "v1.2.0"

[[projects]]
  digest = "1:d27eedd7296593e6ea74aed67aa0d04d97305c860209b0d4996a8aa2eac7fd0b"
  name = "github.com/lib/pq"
  packages = [
    ".",
    "oid",
    "scram",
  ]
  pruneopts = "UT"
  revision = "e7751f584844fbf92a5a18b13a0af1c855e34460"
  version = "v1.8.0"

[[projects]]
  branch = "master"
  digest = "1:ca901dc31bf65bcdf4ceb1b9b83292ea7b71bf9e4e22a807093900c737e1d960"
  name = "golang.org/x/net"
  packages = [
    "html",
    "html/atom",
  ]
  pruneopts = "UT"
  revision = "05aa5d4ee32165add31ddef9d5d3946713e5dc5e"

[solve-meta]
  analyzer-name = "dep"
  analyzer-version = 1
  input-imports = [
    "github.com/adeaver/babblegraph/lib/model/documents",
    "github.com/adeaver/babblegraph/lib/model/index",
    "github.com/adeaver/babblegraph/lib/util/database",
    "github.com/adeaver/babblegraph/lib/util/queue",
    "github.com/adeaver/babblegraph/lib/wordsmith",
    "github.com/google/uuid",
    "github.com/jmoiron/sqlx",
    "golang.org/x/net/html",
  ]
  solver-name = "gps-cdcl"
  solver-version = 1
