# This file is autogenerated, do not edit; changes may be undone by the next 'dep ensure'.


[[projects]]
  branch = "master"
  digest = "1:6170930064cdfa4d736b1e00f9e6379987cae68d123dd3bff7633d35a3bdfd6d"
  name = "github.com/adeaver/babblegraph"
  packages = [
    "lib/database",
    "lib/env",
    "lib/postgres",
    "lib/queue",
  ]
  pruneopts = "UT"
  revision = "b0bd20d6774b21894d273979ba8c7297141990e4"

[[projects]]
  digest = "1:ffe5ba52b122a56df4f9854ea2918e0d9f86e74919db63dc138f8fee3253d3d6"
  name = "github.com/google/uuid"
  packages = ["."]
  pruneopts = "UT"
  revision = "0e4e31197428a347842d152773b4cace4645ca25"
  version = "v1.1.2"

[[projects]]
  digest = "1:648edb3f72f7b7b62320d3473ad8008ae03f90c1d01f559fc85c37b408e1a5dd"
  name = "github.com/jmoiron/sqlx"
  packages = [
    ".",
    "reflectx",
    "types",
  ]
  pruneopts = "UT"
  revision = "d161d7a76b5661016ad0b085869f77fd410f3e6a"
  version = "v1.2.0"

[[projects]]
  digest = "1:d27eedd7296593e6ea74aed67aa0d04d97305c860209b0d4996a8aa2eac7fd0b"
  name = "github.com/lib/pq"
  packages = [
    ".",
    "oid",
    "scram",
  ]
  pruneopts = "UT"
  revision = "e7751f584844fbf92a5a18b13a0af1c855e34460"
  version = "v1.8.0"

[[projects]]
  branch = "master"
  digest = "1:ca901dc31bf65bcdf4ceb1b9b83292ea7b71bf9e4e22a807093900c737e1d960"
  name = "golang.org/x/net"
  packages = [
    "html",
    "html/atom",
  ]
  pruneopts = "UT"
  revision = "62affa334b73ec65ed44a326519ac12c421905e3"

[solve-meta]
  analyzer-name = "dep"
  analyzer-version = 1
  input-imports = [
    "github.com/adeaver/babblegraph/lib/database",
    "github.com/adeaver/babblegraph/lib/env",
    "github.com/adeaver/babblegraph/lib/postgres",
    "github.com/adeaver/babblegraph/lib/queue",
    "github.com/google/uuid",
    "github.com/jmoiron/sqlx",
    "github.com/jmoiron/sqlx/types",
    "golang.org/x/net/html",
  ]
  solver-name = "gps-cdcl"
  solver-version = 1
